lockfileVersion: '9.0'

settings:
  autoInstallPeers: true
  excludeLinksFromLockfile: false

importers:

  .:
    devDependencies:
      typescript-cookie:
        specifier: ^1.0.6
        version: 1.0.6

packages:

  typescript-cookie@1.0.6:
    resolution: {integrity: sha512-s+BZr7/9BUG6Kg7jGGcOY/4XJcP+iZRFdF3q4FPTfRSP83ivLWF94OcH8PrzGmnS8Ab9qP7ENu/ikLwNFsIafA==}
    engines: {node: '>=14'}

snapshots:

  typescript-cookie@1.0.6: {}
